
Microsoft Visual Studio Solution File, Format Version 12.00
Project("{FAE04EC0-301F-11D3-BF4B-00C04F79EFBC}") = "Tests", "Tests\Tests.csproj", "{5D4955B5-C975-46AB-9951-F1F195D4B261}"
EndProject
Project("{FAE04EC0-301F-11D3-BF4B-00C04F79EFBC}") = "Solution", "Solution\Solution.csproj", "{4903E627-9223-464E-A0BF-D2DA8D9CC94D}"
EndProject
Global
	GlobalSection(SolutionConfigurationPlatforms) = preSolution
		Debug|Any CPU = Debug|Any CPU
		Release|Any CPU = Release|Any CPU
	EndGlobalSection
	GlobalSection(ProjectConfigurationPlatforms) = postSolution
		{5D4955B5-C975-46AB-9951-F1F195D4B261}.Debug|Any CPU.ActiveCfg = Debug|Any CPU
		{5D4955B5-C975-46AB-9951-F1F195D4B261}.Debug|Any CPU.Build.0 = Debug|Any CPU
		{5D4955B5-C975-46AB-9951-F1F195D4B261}.Release|Any CPU.ActiveCfg = Release|Any CPU
		{5D4955B5-C975-46AB-9951-F1F195D4B261}.Release|Any CPU.Build.0 = Release|Any CPU
		{4903E627-9223-464E-A0BF-D2DA8D9CC94D}.Debug|Any CPU.ActiveCfg = Debug|Any CPU
		{4903E627-9223-464E-A0BF-D2DA8D9CC94D}.Debug|Any CPU.Build.0 = Debug|Any CPU
		{4903E627-9223-464E-A0BF-D2DA8D9CC94D}.Release|Any CPU.ActiveCfg = Release|Any CPU
		{4903E627-9223-464E-A0BF-D2DA8D9CC94D}.Release|Any CPU.Build.0 = Release|Any CPU
	EndGlobalSection
EndGlobal
